{
  "name": "@manishxninja/common-app",
  "version": "1.0.0",
  "lockfileVersion": 3,
  "requires": true,
  "packages": {
    "": {
      "name": "@manishxninja/common-app",
      "version": "1.0.0",
      "license": "ISC",
      "dependencies": {
        "@manishxninja/common-app": "^1.0.0",
        "zod": "^3.23.8"
      }
    },
    "node_modules/@manishxninja/common-app": {
      "version": "1.0.0",
      "resolved": "https://registry.npmjs.org/@manishxninja/common-app/-/common-app-1.0.0.tgz",
      "integrity": "sha512-QWtpCGQlKj9cPQ68kOKwG5Qarj0OECHF3ArNrd9dAzbsYzJ4tF1wjSk9pDtSeMD9wZDnNtOtYBq5Bwih0dpgUA==",
      "dependencies": {
        "zod": "^3.23.8"
      }
    },
    "node_modules/zod": {
      "version": "3.23.8",
      "resolved": "https://registry.npmjs.org/zod/-/zod-3.23.8.tgz",
      "integrity": "sha512-XBx9AXhXktjUqnepgTiE5flcKIYWi/rme0Eaj+5Y0lftuGBq+jyRu/md4WnuxqgP1ubdpNCsYEYPxrzVHD8d6g==",
      "funding": {
        "url": "https://github.com/sponsors/colinhacks"
      }
    }
  }
}
